// !$*UTF8*$!
{
	archiveVersion = 1;
	classes = {
	};
	objectVersion = 46;
	objects = {

/* Begin PBXBuildFile section */
		4F79E4FD1D226DC7002FFD99 /* hot.png in Resources */ = {isa = PBXBuildFile; fileRef = 4F79E4FC1D226DC7002FFD99 /* hot.png */; };
		4FFD183A1D1BB00F006CE188 /* main.m in Sources */ = {isa = PBXBuildFile; fileRef = 4FFD18391D1BB00F006CE188 /* main.m */; };
		4FFD183D1D1BB00F006CE188 /* AppDelegate.m in Sources */ = {isa = PBXBuildFile; fileRef = 4FFD183C1D1BB00F006CE188 /* AppDelegate.m */; };
		4FFD18461D1BB00F006CE188 /* Main.storyboard in Resources */ = {isa = PBXBuildFile; fileRef = 4FFD18441D1BB00F006CE188 /* Main.storyboard */; };
		4FFD18481D1BB00F006CE188 /* Assets.xcassets in Resources */ = {isa = PBXBuildFile; fileRef = 4FFD18471D1BB00F006CE188 /* Assets.xcassets */; };
		4FFD184B1D1BB00F006CE188 /* LaunchScreen.storyboard in Resources */ = {isa = PBXBuildFile; fileRef = 4FFD18491D1BB00F006CE188 /* LaunchScreen.storyboard */; };
		4FFD18791D1BB09C006CE188 /* AttributeLabel.m in Sources */ = {isa = PBXBuildFile; fileRef = 4FFD18711D1BB09C006CE188 /* AttributeLabel.m */; };
		4FFD187A1D1BB09C006CE188 /* ContainerHandle.m in Sources */ = {isa = PBXBuildFile; fileRef = 4FFD18731D1BB09C006CE188 /* ContainerHandle.m */; };
		4FFD187B1D1BB09C006CE188 /* LinkTextHandle.m in Sources */ = {isa = PBXBuildFile; fileRef = 4FFD18751D1BB09C006CE188 /* LinkTextHandle.m */; };
		4FFD187C1D1BB09C006CE188 /* NSMutableAttributedString+CoreText.m in Sources */ = {isa = PBXBuildFile; fileRef = 4FFD18771D1BB09C006CE188 /* NSMutableAttributedString+CoreText.m */; };
		4FFD187F1D1BB0A3006CE188 /* UnderlineTextField.m in Sources */ = {isa = PBXBuildFile; fileRef = 4FFD187E1D1BB0A3006CE188 /* UnderlineTextField.m */; };
		4FFD18821D1BB0AA006CE188 /* ImagesViewController.m in Sources */ = {isa = PBXBuildFile; fileRef = 4FFD18811D1BB0AA006CE188 /* ImagesViewController.m */; };
		4FFD18841D1BB122006CE188 /* CoreText.framework in Frameworks */ = {isa = PBXBuildFile; fileRef = 4FFD18831D1BB122006CE188 /* CoreText.framework */; };
/* End PBXBuildFile section */

/* Begin PBXFileReference section */
		4F79E4FC1D226DC7002FFD99 /* hot.png */ = {isa = PBXFileReference; lastKnownFileType = image.png; path = hot.png; sourceTree = "<group>"; };
		4FFD18351D1BB00F006CE188 /* AttributeLabel.app */ = {isa = PBXFileReference; explicitFileType = wrapper.application; includeInIndex = 0; path = AttributeLabel.app; sourceTree = BUILT_PRODUCTS_DIR; };
		4FFD18391D1BB00F006CE188 /* main.m */ = {isa = PBXFileReference; lastKnownFileType = sourcecode.c.objc; path = main.m; sourceTree = "<group>"; };
		4FFD183B1D1BB00F006CE188 /* AppDelegate.h */ = {isa = PBXFileReference; lastKnownFileType = sourcecode.c.h; path = AppDelegate.h; sourceTree = "<group>"; };
		4FFD183C1D1BB00F006CE188 /* AppDelegate.m */ = {isa = PBXFileReference; lastKnownFileType = sourcecode.c.objc; path = AppDelegate.m; sourceTree = "<group>"; };
		4FFD18451D1BB00F006CE188 /* Base */ = {isa = PBXFileReference; lastKnownFileType = file.storyboard; name = Base; path = Base.lproj/Main.storyboard; sourceTree = "<group>"; };
		4FFD18471D1BB00F006CE188 /* Assets.xcassets */ = {isa = PBXFileReference; lastKnownFileType = folder.assetcatalog; path = Assets.xcassets; sourceTree = "<group>"; };
		4FFD184A1D1BB00F006CE188 /* Base */ = {isa = PBXFileReference; lastKnownFileType = file.storyboard; name = Base; path = Base.lproj/LaunchScreen.storyboard; sourceTree = "<group>"; };
		4FFD184C1D1BB00F006CE188 /* Info.plist */ = {isa = PBXFileReference; lastKnownFileType = text.plist.xml; path = Info.plist; sourceTree = "<group>"; };
		4FFD18701D1BB09C006CE188 /* AttributeLabel.h */ = {isa = PBXFileReference; fileEncoding = 4; lastKnownFileType = sourcecode.c.h; path = AttributeLabel.h; sourceTree = "<group>"; };
		4FFD18711D1BB09C006CE188 /* AttributeLabel.m */ = {isa = PBXFileReference; fileEncoding = 4; lastKnownFileType = sourcecode.c.objc; path = AttributeLabel.m; sourceTree = "<group>"; };
		4FFD18721D1BB09C006CE188 /* ContainerHandle.h */ = {isa = PBXFileReference; fileEncoding = 4; lastKnownFileType = sourcecode.c.h; path = ContainerHandle.h; sourceTree = "<group>"; };
		4FFD18731D1BB09C006CE188 /* ContainerHandle.m */ = {isa = PBXFileReference; fileEncoding = 4; lastKnownFileType = sourcecode.c.objc; path = ContainerHandle.m; sourceTree = "<group>"; };
		4FFD18741D1BB09C006CE188 /* LinkTextHandle.h */ = {isa = PBXFileReference; fileEncoding = 4; lastKnownFileType = sourcecode.c.h; path = LinkTextHandle.h; sourceTree = "<group>"; };
		4FFD18751D1BB09C006CE188 /* LinkTextHandle.m */ = {isa = PBXFileReference; fileEncoding = 4; lastKnownFileType = sourcecode.c.objc; path = LinkTextHandle.m; sourceTree = "<group>"; };
		4FFD18761D1BB09C006CE188 /* NSMutableAttributedString+CoreText.h */ = {isa = PBXFileReference; fileEncoding = 4; lastKnownFileType = sourcecode.c.h; path = "NSMutableAttributedString+CoreText.h"; sourceTree = "<group>"; };
		4FFD18771D1BB09C006CE188 /* NSMutableAttributedString+CoreText.m */ = {isa = PBXFileReference; fileEncoding = 4; lastKnownFileType = sourcecode.c.objc; path = "NSMutableAttributedString+CoreText.m"; sourceTree = "<group>"; };
		4FFD18781D1BB09C006CE188 /* AttributeLabelProtocol.h */ = {isa = PBXFileReference; fileEncoding = 4; lastKnownFileType = sourcecode.c.h; path = AttributeLabelProtocol.h; sourceTree = "<group>"; };
		4FFD187D1D1BB0A3006CE188 /* UnderlineTextField.h */ = {isa = PBXFileReference; fileEncoding = 4; lastKnownFileType = sourcecode.c.h; path = UnderlineTextField.h; sourceTree = "<group>"; };
		4FFD187E1D1BB0A3006CE188 /* UnderlineTextField.m */ = {isa = PBXFileReference; fileEncoding = 4; lastKnownFileType = sourcecode.c.objc; path = UnderlineTextField.m; sourceTree = "<group>"; };
		4FFD18801D1BB0AA006CE188 /* ImagesViewController.h */ = {isa = PBXFileReference; fileEncoding = 4; lastKnownFileType = sourcecode.c.h; path = ImagesViewController.h; sourceTree = "<group>"; };
		4FFD18811D1BB0AA006CE188 /* ImagesViewController.m */ = {isa = PBXFileReference; fileEncoding = 4; lastKnownFileType = sourcecode.c.objc; path = ImagesViewController.m; sourceTree = "<group>"; };
		4FFD18831D1BB122006CE188 /* CoreText.framework */ = {isa = PBXFileReference; lastKnownFileType = wrapper.framework; name = CoreText.framework; path = System/Library/Frameworks/CoreText.framework; sourceTree = SDKROOT; };
/* End PBXFileReference section */

/* Begin PBXFrameworksBuildPhase section */
		4FFD18321D1BB00F006CE188 /* Frameworks */ = {
			isa = PBXFrameworksBuildPhase;
			buildActionMask = 2147483647;
			files = (
				4FFD18841D1BB122006CE188 /* CoreText.framework in Frameworks */,
			);
			runOnlyForDeploymentPostprocessing = 0;
		};
/* End PBXFrameworksBuildPhase section */

/* Begin PBXGroup section */
		4FFD182C1D1BB00F006CE188 = {
			isa = PBXGroup;
			children = (
				4FFD18831D1BB122006CE188 /* CoreText.framework */,
				4FFD18371D1BB00F006CE188 /* AttributeLabel */,
				4FFD18361D1BB00F006CE188 /* Products */,
			);
			sourceTree = "<group>";
		};
		4FFD18361D1BB00F006CE188 /* Products */ = {
			isa = PBXGroup;
			children = (
				4FFD18351D1BB00F006CE188 /* AttributeLabel.app */,
			);
			name = Products;
			sourceTree = "<group>";
		};
		4FFD18371D1BB00F006CE188 /* AttributeLabel */ = {
			isa = PBXGroup;
			children = (
				4FFD183B1D1BB00F006CE188 /* AppDelegate.h */,
				4FFD183C1D1BB00F006CE188 /* AppDelegate.m */,
				4F79E4FC1D226DC7002FFD99 /* hot.png */,
				4FFD18801D1BB0AA006CE188 /* ImagesViewController.h */,
				4FFD18811D1BB0AA006CE188 /* ImagesViewController.m */,
				4FFD187D1D1BB0A3006CE188 /* UnderlineTextField.h */,
				4FFD187E1D1BB0A3006CE188 /* UnderlineTextField.m */,
				4FFD186F1D1BB08C006CE188 /* AttributeLabel */,
				4FFD18441D1BB00F006CE188 /* Main.storyboard */,
				4FFD18471D1BB00F006CE188 /* Assets.xcassets */,
				4FFD18491D1BB00F006CE188 /* LaunchScreen.storyboard */,
				4FFD184C1D1BB00F006CE188 /* Info.plist */,
				4FFD18381D1BB00F006CE188 /* Supporting Files */,
			);
			path = AttributeLabel;
			sourceTree = "<group>";
		};
		4FFD18381D1BB00F006CE188 /* Supporting Files */ = {
			isa = PBXGroup;
			children = (
				4FFD18391D1BB00F006CE188 /* main.m */,
			);
			name = "Supporting Files";
			sourceTree = "<group>";
		};
		4FFD186F1D1BB08C006CE188 /* AttributeLabel */ = {
			isa = PBXGroup;
			children = (
				4FFD18781D1BB09C006CE188 /* AttributeLabelProtocol.h */,
				4FFD18701D1BB09C006CE188 /* AttributeLabel.h */,
				4FFD18711D1BB09C006CE188 /* AttributeLabel.m */,
				4FFD18721D1BB09C006CE188 /* ContainerHandle.h */,
				4FFD18731D1BB09C006CE188 /* ContainerHandle.m */,
				4FFD18741D1BB09C006CE188 /* LinkTextHandle.h */,
				4FFD18751D1BB09C006CE188 /* LinkTextHandle.m */,
				4FFD18761D1BB09C006CE188 /* NSMutableAttributedString+CoreText.h */,
				4FFD18771D1BB09C006CE188 /* NSMutableAttributedString+CoreText.m */,
			);
			path = AttributeLabel;
			sourceTree = "<group>";
		};
/* End PBXGroup section */

/* Begin PBXNativeTarget section */
		4FFD18341D1BB00F006CE188 /* AttributeLabel */ = {
			isa = PBXNativeTarget;
			buildConfigurationList = 4FFD18651D1BB00F006CE188 /* Build configuration list for PBXNativeTarget "AttributeLabel" */;
			buildPhases = (
				4FFD18311D1BB00F006CE188 /* Sources */,
				4FFD18331D1BB00F006CE188 /* Resources */,
				4FFD18321D1BB00F006CE188 /* Frameworks */,
			);
			buildRules = (
			);
			dependencies = (
			);
			name = AttributeLabel;
			productName = SimpleAttributeLable;
			productReference = 4FFD18351D1BB00F006CE188 /* AttributeLabel.app */;
			productType = "com.apple.product-type.application";
		};
/* End PBXNativeTarget section */

/* Begin PBXProject section */
		4FFD182D1D1BB00F006CE188 /* Project object */ = {
			isa = PBXProject;
			attributes = {
				LastUpgradeCheck = 1240;
				ORGANIZATIONNAME = zhuochenming;
				TargetAttributes = {
					4FFD18341D1BB00F006CE188 = {
						CreatedOnToolsVersion = 7.2;
					};
				};
			};
			buildConfigurationList = 4FFD18301D1BB00F006CE188 /* Build configuration list for PBXProject "AttributeLabel" */;
			compatibilityVersion = "Xcode 3.2";
			developmentRegion = en;
			hasScannedForEncodings = 0;
			knownRegions = (
				en,
				Base,
			);
			mainGroup = 4FFD182C1D1BB00F006CE188;
			productRefGroup = 4FFD18361D1BB00F006CE188 /* Products */;
			projectDirPath = "";
			projectRoot = "";
			targets = (
				4FFD18341D1BB00F006CE188 /* AttributeLabel */,
			);
		};
/* End PBXProject section */

/* Begin PBXResourcesBuildPhase section */
		4FFD18331D1BB00F006CE188 /* Resources */ = {
			isa = PBXResourcesBuildPhase;
			buildActionMask = 2147483647;
			files = (
				4FFD184B1D1BB00F006CE188 /* LaunchScreen.storyboard in Resources */,
				4FFD18481D1BB00F006CE188 /* Assets.xcassets in Resources */,
				4FFD18461D1BB00F006CE188 /* Main.storyboard in Resources */,
				4F79E4FD1D226DC7002FFD99 /* hot.png in Resources */,
			);
			runOnlyForDeploymentPostprocessing = 0;
		};
/* End PBXResourcesBuildPhase section */

/* Begin PBXSourcesBuildPhase section */
		4FFD18311D1BB00F006CE188 /* Sources */ = {
			isa = PBXSourcesBuildPhase;
			buildActionMask = 2147483647;
			files = (
				4FFD187C1D1BB09C006CE188 /* NSMutableAttributedString+CoreText.m in Sources */,
				4FFD183D1D1BB00F006CE188 /* AppDelegate.m in Sources */,
				4FFD18791D1BB09C006CE188 /* AttributeLabel.m in Sources */,
				4FFD183A1D1BB00F006CE188 /* main.m in Sources */,
				4FFD187F1D1BB0A3006CE188 /* UnderlineTextField.m in Sources */,
				4FFD187B1D1BB09C006CE188 /* LinkTextHandle.m in Sources */,
				4FFD18821D1BB0AA006CE188 /* ImagesViewController.m in Sources */,
				4FFD187A1D1BB09C006CE188 /* ContainerHandle.m in Sources */,
			);
			runOnlyForDeploymentPostprocessing = 0;
		};
/* End PBXSourcesBuildPhase section */

/* Begin PBXVariantGroup section */
		4FFD18441D1BB00F006CE188 /* Main.storyboard */ = {
			isa = PBXVariantGroup;
			children = (
				4FFD18451D1BB00F006CE188 /* Base */,
			);
			name = Main.storyboard;
			sourceTree = "<group>";
		};
		4FFD18491D1BB00F006CE188 /* LaunchScreen.storyboard */ = {
			isa = PBXVariantGroup;
			children = (
				4FFD184A1D1BB00F006CE188 /* Base */,
			);
			name = LaunchScreen.storyboard;
			sourceTree = "<group>";
		};
/* End PBXVariantGroup section */

/* Begin XCBuildConfiguration section */
		4FFD18631D1BB00F006CE188 /* Debug */ = {
			isa = XCBuildConfiguration;
			buildSettings = {
				ALWAYS_SEARCH_USER_PATHS = NO;
				CLANG_ANALYZER_LOCALIZABILITY_NONLOCALIZED = YES;
				CLANG_CXX_LANGUAGE_STANDARD = "gnu++0x";
				CLANG_CXX_LIBRARY = "libc++";
				CLANG_ENABLE_MODULES = YES;
				CLANG_ENABLE_OBJC_ARC = YES;
				CLANG_WARN_BLOCK_CAPTURE_AUTORELEASING = YES;
				CLANG_WARN_BOOL_CONVERSION = YES;
				CLANG_WARN_COMMA = YES;
				CLANG_WARN_CONSTANT_CONVERSION = YES;
				CLANG_WARN_DEPRECATED_OBJC_IMPLEMENTATIONS = YES;
				CLANG_WARN_DIRECT_OBJC_ISA_USAGE = YES_ERROR;
				CLANG_WARN_EMPTY_BODY = YES;
				CLANG_WARN_ENUM_CONVERSION = YES;
				CLANG_WARN_INFINITE_RECURSION = YES;
				CLANG_WARN_INT_CONVERSION = YES;
				CLANG_WARN_NON_LITERAL_NULL_CONVERSION = YES;
				CLANG_WARN_OBJC_IMPLICIT_RETAIN_SELF = YES;
				CLANG_WARN_OBJC_LITERAL_CONVERSION = YES;
				CLANG_WARN_OBJC_ROOT_CLASS = YES_ERROR;
				CLANG_WARN_QUOTED_INCLUDE_IN_FRAMEWORK_HEADER = YES;
				CLANG_WARN_RANGE_LOOP_ANALYSIS = YES;
				CLANG_WARN_STRICT_PROTOTYPES = YES;
				CLANG_WARN_SUSPICIOUS_MOVE = YES;
				CLANG_WARN_UNREACHABLE_CODE = YES;
				CLANG_WARN__DUPLICATE_METHOD_MATCH = YES;
				"CODE_SIGN_IDENTITY[sdk=iphoneos*]" = "iPhone Developer";
				COPY_PHASE_STRIP = NO;
				DEBUG_INFORMATION_FORMAT = dwarf;
				ENABLE_STRICT_OBJC_MSGSEND = YES;
				ENABLE_TESTABILITY = YES;
				GCC_C_LANGUAGE_STANDARD = gnu99;
				GCC_DYNAMIC_NO_PIC = NO;
				GCC_NO_COMMON_BLOCKS = YES;
				GCC_OPTIMIZATION_LEVEL = 0;
				GCC_PREPROCESSOR_DEFINITIONS = (
					"DEBUG=1",
					"$(inherited)",
				);
				GCC_WARN_64_TO_32_BIT_CONVERSION = YES;
				GCC_WARN_ABOUT_RETURN_TYPE = YES_ERROR;
				GCC_WARN_UNDECLARED_SELECTOR = YES;
				GCC_WARN_UNINITIALIZED_AUTOS = YES_AGGRESSIVE;
				GCC_WARN_UNUSED_FUNCTION = YES;
				GCC_WARN_UNUSED_VARIABLE = YES;
				IPHONEOS_DEPLOYMENT_TARGET = 12.0;
				MTL_ENABLE_DEBUG_INFO = YES;
				ONLY_ACTIVE_ARCH = YES;
				SDKROOT = iphoneos;
			};
			name = Debug;
		};
		4FFD18641D1BB00F006CE188 /* Release */ = {
			isa = XCBuildConfiguration;
			buildSettings = {
				ALWAYS_SEARCH_USER_PATHS = NO;
				CLANG_ANALYZER_LOCALIZABILITY_NONLOCALIZED = YES;
				CLANG_CXX_LANGUAGE_STANDARD = "gnu++0x";
				CLANG_CXX_LIBRARY = "libc++";
				CLANG_ENABLE_MODULES = YES;
				CLANG_ENABLE_OBJC_ARC = YES;
				CLANG_WARN_BLOCK_CAPTURE_AUTORELEASING = YES;
				CLANG_WARN_BOOL_CONVERSION = YES;
				CLANG_WARN_COMMA = YES;
				CLANG_WARN_CONSTANT_CONVERSION = YES;
				CLANG_WARN_DEPRECATED_OBJC_IMPLEMENTATIONS = YES;
				CLANG_WARN_DIRECT_OBJC_ISA_USAGE = YES_ERROR;
				CLANG_WARN_EMPTY_BODY = YES;
				CLANG_WARN_ENUM_CONVERSION = YES;
				CLANG_WARN_INFINITE_RECURSION = YES;
				CLANG_WARN_INT_CONVERSION = YES;
				CLANG_WARN_NON_LITERAL_NULL_CONVERSION = YES;
				CLANG_WARN_OBJC_IMPLICIT_RETAIN_SELF = YES;
				CLANG_WARN_OBJC_LITERAL_CONVERSION = YES;
				CLANG_WARN_OBJC_ROOT_CLASS = YES_ERROR;
				CLANG_WARN_QUOTED_INCLUDE_IN_FRAMEWORK_HEADER = YES;
				CLANG_WARN_RANGE_LOOP_ANALYSIS = YES;
				CLANG_WARN_STRICT_PROTOTYPES = YES;
				CLANG_WARN_SUSPICIOUS_MOVE = YES;
				CLANG_WARN_UNREACHABLE_CODE = YES;
				CLANG_WARN__DUPLICATE_METHOD_MATCH = YES;
				"CODE_SIGN_IDENTITY[sdk=iphoneos*]" = "iPhone Developer";
				COPY_PHASE_STRIP = NO;
				DEBUG_INFORMATION_FORMAT = "dwarf-with-dsym";
				ENABLE_NS_ASSERTIONS = NO;
				ENABLE_STRICT_OBJC_MSGSEND = YES;
				GCC_C_LANGUAGE_STANDARD = gnu99;
				GCC_NO_COMMON_BLOCKS = YES;
				GCC_WARN_64_TO_32_BIT_CONVERSION = YES;
				GCC_WARN_ABOUT_RETURN_TYPE = YES_ERROR;
				GCC_WARN_UNDECLARED_SELECTOR = YES;
				GCC_WARN_UNINITIALIZED_AUTOS = YES_AGGRESSIVE;
				GCC_WARN_UNUSED_FUNCTION = YES;
				GCC_WARN_UNUSED_VARIABLE = YES;
				IPHONEOS_DEPLOYMENT_TARGET = 12.0;
				MTL_ENABLE_DEBUG_INFO = NO;
				SDKROOT = iphoneos;
				VALIDATE_PRODUCT = YES;
			};
			name = Release;
		};
		4FFD18661D1BB00F006CE188 /* Debug */ = {
			isa = XCBuildConfiguration;
			buildSettings = {
				ASSETCATALOG_COMPILER_APPICON_NAME = AppIcon;
				INFOPLIST_FILE = AttributeLabel/Info.plist;
				IPHONEOS_DEPLOYMENT_TARGET = 12.0;
				LD_RUNPATH_SEARCH_PATHS = "$(inherited) @executable_path/Frameworks";
				PRODUCT_BUNDLE_IDENTIFIER = www.zhuochenming.com.AttributeLabel;
				PRODUCT_NAME = "$(TARGET_NAME)";
			};
			name = Debug;
		};
		4FFD18671D1BB00F006CE188 /* Release */ = {
			isa = XCBuildConfiguration;
			buildSettings = {
				ASSETCATALOG_COMPILER_APPICON_NAME = AppIcon;
				INFOPLIST_FILE = AttributeLabel/Info.plist;
				IPHONEOS_DEPLOYMENT_TARGET = 12.0;
				LD_RUNPATH_SEARCH_PATHS = "$(inherited) @executable_path/Frameworks";
				PRODUCT_BUNDLE_IDENTIFIER = www.zhuochenming.com.AttributeLabel;
				PRODUCT_NAME = "$(TARGET_NAME)";
			};
			name = Release;
		};
/* End XCBuildConfiguration section */

/* Begin XCConfigurationList section */
		4FFD18301D1BB00F006CE188 /* Build configuration list for PBXProject "AttributeLabel" */ = {
			isa = XCConfigurationList;
			buildConfigurations = (
				4FFD18631D1BB00F006CE188 /* Debug */,
				4FFD18641D1BB00F006CE188 /* Release */,
			);
			defaultConfigurationIsVisible = 0;
			defaultConfigurationName = Release;
		};
		4FFD18651D1BB00F006CE188 /* Build configuration list for PBXNativeTarget "AttributeLabel" */ = {
			isa = XCConfigurationList;
			buildConfigurations = (
				4FFD18661D1BB00F006CE188 /* Debug */,
				4FFD18671D1BB00F006CE188 /* Release */,
			);
			defaultConfigurationIsVisible = 0;
			defaultConfigurationName = Release;
		};
/* End XCConfigurationList section */
	};
	rootObject = 4FFD182D1D1BB00F006CE188 /* Project object */;
}
